
Microsoft Visual Studio Solution File, Format Version 12.00
# Visual Studio 15
VisualStudioVersion = 15.0.27428.2002
MinimumVisualStudioVersion = 10.0.40219.1
Project("{FAE04EC0-301F-11D3-BF4B-00C04F79EFBC}") = "FluidApp.Android", "FluidApp\FluidApp.Android\FluidApp.Android.csproj", "{F626C914-5D0D-4282-8D4B-C4D15630EB75}"
EndProject
Project("{FAE04EC0-301F-11D3-BF4B-00C04F79EFBC}") = "FluidApp.iOS", "FluidApp\FluidApp.iOS\FluidApp.iOS.csproj", "{272F3A72-5E0E-4EE3-A0AB-DA0A4FCA875C}"
EndProject
Project("{D954291E-2A0B-460D-934E-DC6B0785DB48}") = "FluidApp", "FluidApp\FluidApp\FluidApp.shproj", "{9CC164DC-C683-4EAC-9079-F4D3A96A149C}"
EndProject
Global
	GlobalSection(SharedMSBuildProjectFiles) = preSolution
		FluidApp\FluidApp\FluidApp.projitems*{272f3a72-5e0e-4ee3-a0ab-da0a4fca875c}*SharedItemsImports = 4
		FluidApp\FluidApp\FluidApp.projitems*{9cc164dc-c683-4eac-9079-f4d3a96a149c}*SharedItemsImports = 13
		FluidApp\FluidApp\FluidApp.projitems*{f626c914-5d0d-4282-8d4b-c4d15630eb75}*SharedItemsImports = 4
	EndGlobalSection
	GlobalSection(SolutionConfigurationPlatforms) = preSolution
		Ad-Hoc|Any CPU = Ad-Hoc|Any CPU
		Ad-Hoc|iPhone = Ad-Hoc|iPhone
		Ad-Hoc|iPhoneSimulator = Ad-Hoc|iPhoneSimulator
		AppStore|Any CPU = AppStore|Any CPU
		AppStore|iPhone = AppStore|iPhone
		AppStore|iPhoneSimulator = AppStore|iPhoneSimulator
		Debug|Any CPU = Debug|Any CPU
		Debug|iPhone = Debug|iPhone
		Debug|iPhoneSimulator = Debug|iPhoneSimulator
		Release|Any CPU = Release|Any CPU
		Release|iPhone = Release|iPhone
		Release|iPhoneSimulator = Release|iPhoneSimulator
	EndGlobalSection
	GlobalSection(ProjectConfigurationPlatforms) = postSolution
		{F626C914-5D0D-4282-8D4B-C4D15630EB75}.Ad-Hoc|Any CPU.ActiveCfg = Release|Any CPU
		{F626C914-5D0D-4282-8D4B-C4D15630EB75}.Ad-Hoc|Any CPU.Build.0 = Release|Any CPU
		{F626C914-5D0D-4282-8D4B-C4D15630EB75}.Ad-Hoc|Any CPU.Deploy.0 = Release|Any CPU
		{F626C914-5D0D-4282-8D4B-C4D15630EB75}.Ad-Hoc|iPhone.ActiveCfg = Release|Any CPU
		{F626C914-5D0D-4282-8D4B-C4D15630EB75}.Ad-Hoc|iPhone.Build.0 = Release|Any CPU
		{F626C914-5D0D-4282-8D4B-C4D15630EB75}.Ad-Hoc|iPhone.Deploy.0 = Release|Any CPU
		{F626C914-5D0D-4282-8D4B-C4D15630EB75}.Ad-Hoc|iPhoneSimulator.ActiveCfg = Release|Any CPU
		{F626C914-5D0D-4282-8D4B-C4D15630EB75}.Ad-Hoc|iPhoneSimulator.Build.0 = Release|Any CPU
		{F626C914-5D0D-4282-8D4B-C4D15630EB75}.Ad-Hoc|iPhoneSimulator.Deploy.0 = Release|Any CPU
		{F626C914-5D0D-4282-8D4B-C4D15630EB75}.AppStore|Any CPU.ActiveCfg = Release|Any CPU
		{F626C914-5D0D-4282-8D4B-C4D15630EB75}.AppStore|Any CPU.Build.0 = Release|Any CPU
		{F626C914-5D0D-4282-8D4B-C4D15630EB75}.AppStore|Any CPU.Deploy.0 = Release|Any CPU
		{F626C914-5D0D-4282-8D4B-C4D15630EB75}.AppStore|iPhone.ActiveCfg = Release|Any CPU
		{F626C914-5D0D-4282-8D4B-C4D15630EB75}.AppStore|iPhone.Build.0 = Release|Any CPU
		{F626C914-5D0D-4282-8D4B-C4D15630EB75}.AppStore|iPhone.Deploy.0 = Release|Any CPU
		{F626C914-5D0D-4282-8D4B-C4D15630EB75}.AppStore|iPhoneSimulator.ActiveCfg = Release|Any CPU
		{F626C914-5D0D-4282-8D4B-C4D15630EB75}.AppStore|iPhoneSimulator.Build.0 = Release|Any CPU
		{F626C914-5D0D-4282-8D4B-C4D15630EB75}.AppStore|iPhoneSimulator.Deploy.0 = Release|Any CPU
		{F626C914-5D0D-4282-8D4B-C4D15630EB75}.Debug|Any CPU.ActiveCfg = Debug|Any CPU
		{F626C914-5D0D-4282-8D4B-C4D15630EB75}.Debug|Any CPU.Build.0 = Debug|Any CPU
		{F626C914-5D0D-4282-8D4B-C4D15630EB75}.Debug|Any CPU.Deploy.0 = Debug|Any CPU
		{F626C914-5D0D-4282-8D4B-C4D15630EB75}.Debug|iPhone.ActiveCfg = Debug|Any CPU
		{F626C914-5D0D-4282-8D4B-C4D15630EB75}.Debug|iPhone.Build.0 = Debug|Any CPU
		{F626C914-5D0D-4282-8D4B-C4D15630EB75}.Debug|iPhone.Deploy.0 = Debug|Any CPU
		{F626C914-5D0D-4282-8D4B-C4D15630EB75}.Debug|iPhoneSimulator.ActiveCfg = Debug|Any CPU
		{F626C914-5D0D-4282-8D4B-C4D15630EB75}.Debug|iPhoneSimulator.Build.0 = Debug|Any CPU
		{F626C914-5D0D-4282-8D4B-C4D15630EB75}.Debug|iPhoneSimulator.Deploy.0 = Debug|Any CPU
		{F626C914-5D0D-4282-8D4B-C4D15630EB75}.Release|Any CPU.ActiveCfg = Release|Any CPU
		{F626C914-5D0D-4282-8D4B-C4D15630EB75}.Release|Any CPU.Build.0 = Release|Any CPU
		{F626C914-5D0D-4282-8D4B-C4D15630EB75}.Release|Any CPU.Deploy.0 = Release|Any CPU
		{F626C914-5D0D-4282-8D4B-C4D15630EB75}.Release|iPhone.ActiveCfg = Release|Any CPU
		{F626C914-5D0D-4282-8D4B-C4D15630EB75}.Release|iPhone.Build.0 = Release|Any CPU
		{F626C914-5D0D-4282-8D4B-C4D15630EB75}.Release|iPhone.Deploy.0 = Release|Any CPU
		{F626C914-5D0D-4282-8D4B-C4D15630EB75}.Release|iPhoneSimulator.ActiveCfg = Release|Any CPU
		{F626C914-5D0D-4282-8D4B-C4D15630EB75}.Release|iPhoneSimulator.Build.0 = Release|Any CPU
		{F626C914-5D0D-4282-8D4B-C4D15630EB75}.Release|iPhoneSimulator.Deploy.0 = Release|Any CPU
		{272F3A72-5E0E-4EE3-A0AB-DA0A4FCA875C}.Ad-Hoc|Any CPU.ActiveCfg = Ad-Hoc|iPhone
		{272F3A72-5E0E-4EE3-A0AB-DA0A4FCA875C}.Ad-Hoc|iPhone.ActiveCfg = Ad-Hoc|iPhone
		{272F3A72-5E0E-4EE3-A0AB-DA0A4FCA875C}.Ad-Hoc|iPhone.Build.0 = Ad-Hoc|iPhone
		{272F3A72-5E0E-4EE3-A0AB-DA0A4FCA875C}.Ad-Hoc|iPhoneSimulator.ActiveCfg = Ad-Hoc|iPhoneSimulator
		{272F3A72-5E0E-4EE3-A0AB-DA0A4FCA875C}.Ad-Hoc|iPhoneSimulator.Build.0 = Ad-Hoc|iPhoneSimulator
		{272F3A72-5E0E-4EE3-A0AB-DA0A4FCA875C}.AppStore|Any CPU.ActiveCfg = AppStore|iPhone
		{272F3A72-5E0E-4EE3-A0AB-DA0A4FCA875C}.AppStore|iPhone.ActiveCfg = AppStore|iPhone
		{272F3A72-5E0E-4EE3-A0AB-DA0A4FCA875C}.AppStore|iPhone.Build.0 = AppStore|iPhone
		{272F3A72-5E0E-4EE3-A0AB-DA0A4FCA875C}.AppStore|iPhoneSimulator.ActiveCfg = AppStore|iPhoneSimulator
		{272F3A72-5E0E-4EE3-A0AB-DA0A4FCA875C}.AppStore|iPhoneSimulator.Build.0 = AppStore|iPhoneSimulator
		{272F3A72-5E0E-4EE3-A0AB-DA0A4FCA875C}.Debug|Any CPU.ActiveCfg = Debug|iPhone
		{272F3A72-5E0E-4EE3-A0AB-DA0A4FCA875C}.Debug|iPhone.ActiveCfg = Debug|iPhone
		{272F3A72-5E0E-4EE3-A0AB-DA0A4FCA875C}.Debug|iPhone.Build.0 = Debug|iPhone
		{272F3A72-5E0E-4EE3-A0AB-DA0A4FCA875C}.Debug|iPhoneSimulator.ActiveCfg = Debug|iPhoneSimulator
		{272F3A72-5E0E-4EE3-A0AB-DA0A4FCA875C}.Debug|iPhoneSimulator.Build.0 = Debug|iPhoneSimulator
		{272F3A72-5E0E-4EE3-A0AB-DA0A4FCA875C}.Release|Any CPU.ActiveCfg = Release|iPhone
		{272F3A72-5E0E-4EE3-A0AB-DA0A4FCA875C}.Release|iPhone.ActiveCfg = Release|iPhone
		{272F3A72-5E0E-4EE3-A0AB-DA0A4FCA875C}.Release|iPhone.Build.0 = Release|iPhone
		{272F3A72-5E0E-4EE3-A0AB-DA0A4FCA875C}.Release|iPhoneSimulator.ActiveCfg = Release|iPhoneSimulator
		{272F3A72-5E0E-4EE3-A0AB-DA0A4FCA875C}.Release|iPhoneSimulator.Build.0 = Release|iPhoneSimulator
	EndGlobalSection
	GlobalSection(SolutionProperties) = preSolution
		HideSolutionNode = FALSE
	EndGlobalSection
	GlobalSection(ExtensibilityGlobals) = postSolution
		SolutionGuid = {446C40CC-701C-4095-9E53-1C9C511809A5}
	EndGlobalSection
EndGlobal
